
Microsoft Visual Studio Solution File, Format Version 12.00
# Visual Studio Version 17
VisualStudioVersion = 17.7.34018.315
MinimumVisualStudioVersion = 10.0.40219.1
Project("{2150E333-8FDC-42A3-9474-1A3956D46DE8}") = "Application", "Application", "{0BFA395B-AFD9-4CD3-87A1-7EFE6857AD64}"
EndProject
Project("{2150E333-8FDC-42A3-9474-1A3956D46DE8}") = "Domain", "Domain", "{CEC61A0B-22F1-441B-B09C-C449D7E7C3A6}"
EndProject
Project("{2150E333-8FDC-42A3-9474-1A3956D46DE8}") = "Presentation", "Presentation", "{4E336B8B-5585-4700-BF21-221929238BB8}"
EndProject
Project("{FAE04EC0-301F-11D3-BF4B-00C04F79EFBC}") = "ShopsRUs.Api", "ShopsRUs.Api\ShopsRUs.Api.csproj", "{8F16E60F-3F5F-4102-BC66-512B06FD9F52}"
EndProject
Project("{FAE04EC0-301F-11D3-BF4B-00C04F79EFBC}") = "ShopsRUs.Domain", "ShopsRUs.Domain\ShopsRUs.Domain.csproj", "{B314E85E-AA82-48F8-8560-56057CEB87D9}"
EndProject
Project("{FAE04EC0-301F-11D3-BF4B-00C04F79EFBC}") = "ShopsRUs.Application", "ShopsRUs.Application\ShopsRUs.Application.csproj", "{566802EA-6C69-44A3-9185-50E3101E7DF2}"
EndProject
Global
	GlobalSection(SolutionConfigurationPlatforms) = preSolution
		Debug|Any CPU = Debug|Any CPU
		Release|Any CPU = Release|Any CPU
	EndGlobalSection
	GlobalSection(ProjectConfigurationPlatforms) = postSolution
		{8F16E60F-3F5F-4102-BC66-512B06FD9F52}.Debug|Any CPU.ActiveCfg = Debug|Any CPU
		{8F16E60F-3F5F-4102-BC66-512B06FD9F52}.Debug|Any CPU.Build.0 = Debug|Any CPU
		{8F16E60F-3F5F-4102-BC66-512B06FD9F52}.Release|Any CPU.ActiveCfg = Release|Any CPU
		{8F16E60F-3F5F-4102-BC66-512B06FD9F52}.Release|Any CPU.Build.0 = Release|Any CPU
		{B314E85E-AA82-48F8-8560-56057CEB87D9}.Debug|Any CPU.ActiveCfg = Debug|Any CPU
		{B314E85E-AA82-48F8-8560-56057CEB87D9}.Debug|Any CPU.Build.0 = Debug|Any CPU
		{B314E85E-AA82-48F8-8560-56057CEB87D9}.Release|Any CPU.ActiveCfg = Release|Any CPU
		{B314E85E-AA82-48F8-8560-56057CEB87D9}.Release|Any CPU.Build.0 = Release|Any CPU
		{566802EA-6C69-44A3-9185-50E3101E7DF2}.Debug|Any CPU.ActiveCfg = Debug|Any CPU
		{566802EA-6C69-44A3-9185-50E3101E7DF2}.Debug|Any CPU.Build.0 = Debug|Any CPU
		{566802EA-6C69-44A3-9185-50E3101E7DF2}.Release|Any CPU.ActiveCfg = Release|Any CPU
		{566802EA-6C69-44A3-9185-50E3101E7DF2}.Release|Any CPU.Build.0 = Release|Any CPU
	EndGlobalSection
	GlobalSection(SolutionProperties) = preSolution
		HideSolutionNode = FALSE
	EndGlobalSection
	GlobalSection(NestedProjects) = preSolution
		{8F16E60F-3F5F-4102-BC66-512B06FD9F52} = {4E336B8B-5585-4700-BF21-221929238BB8}
		{B314E85E-AA82-48F8-8560-56057CEB87D9} = {CEC61A0B-22F1-441B-B09C-C449D7E7C3A6}
		{566802EA-6C69-44A3-9185-50E3101E7DF2} = {0BFA395B-AFD9-4CD3-87A1-7EFE6857AD64}
	EndGlobalSection
	GlobalSection(ExtensibilityGlobals) = postSolution
		SolutionGuid = {D203739D-6B10-4ADE-95F9-88D5B1AB864E}
	EndGlobalSection
EndGlobal
